// !$*UTF8*$!
{
	archiveVersion = 1;
	classes = {
	};
	objectVersion = 50;
	objects = {

/* Begin PBXBuildFile section */
		6E1689E526D6141C00B53858 /* AppDelegate.swift in Sources */ = {isa = PBXBuildFile; fileRef = 6E1689E426D6141C00B53858 /* AppDelegate.swift */; };
		6E1689E726D6141C00B53858 /* SceneDelegate.swift in Sources */ = {isa = PBXBuildFile; fileRef = 6E1689E626D6141C00B53858 /* SceneDelegate.swift */; };
		6E1689E926D6141C00B53858 /* ViewController.swift in Sources */ = {isa = PBXBuildFile; fileRef = 6E1689E826D6141C00B53858 /* ViewController.swift */; };
		6E1689EC26D6141C00B53858 /* Main.storyboard in Resources */ = {isa = PBXBuildFile; fileRef = 6E1689EA26D6141C00B53858 /* Main.storyboard */; };
		6E1689EF26D6141C00B53858 /* BBRxSwiftDemo.xcdatamodeld in Sources */ = {isa = PBXBuildFile; fileRef = 6E1689ED26D6141C00B53858 /* BBRxSwiftDemo.xcdatamodeld */; };
		6E1689F126D6141E00B53858 /* Assets.xcassets in Resources */ = {isa = PBXBuildFile; fileRef = 6E1689F026D6141E00B53858 /* Assets.xcassets */; };
		6E1689F426D6141E00B53858 /* LaunchScreen.storyboard in Resources */ = {isa = PBXBuildFile; fileRef = 6E1689F226D6141E00B53858 /* LaunchScreen.storyboard */; };
		6E1689FF26D6141E00B53858 /* BBRxSwiftDemoTests.swift in Sources */ = {isa = PBXBuildFile; fileRef = 6E1689FE26D6141E00B53858 /* BBRxSwiftDemoTests.swift */; };
		6E168A0A26D6141E00B53858 /* BBRxSwiftDemoUITests.swift in Sources */ = {isa = PBXBuildFile; fileRef = 6E168A0926D6141E00B53858 /* BBRxSwiftDemoUITests.swift */; };
/* End PBXBuildFile section */

/* Begin PBXContainerItemProxy section */
		6E1689FB26D6141E00B53858 /* PBXContainerItemProxy */ = {
			isa = PBXContainerItemProxy;
			containerPortal = 6E1689D926D6141C00B53858 /* Project object */;
			proxyType = 1;
			remoteGlobalIDString = 6E1689E026D6141C00B53858;
			remoteInfo = BBRxSwiftDemo;
		};
		6E168A0626D6141E00B53858 /* PBXContainerItemProxy */ = {
			isa = PBXContainerItemProxy;
			containerPortal = 6E1689D926D6141C00B53858 /* Project object */;
			proxyType = 1;
			remoteGlobalIDString = 6E1689E026D6141C00B53858;
			remoteInfo = BBRxSwiftDemo;
		};
/* End PBXContainerItemProxy section */

/* Begin PBXFileReference section */
		6E1689E126D6141C00B53858 /* BBRxSwiftDemo.app */ = {isa = PBXFileReference; explicitFileType = wrapper.application; includeInIndex = 0; path = BBRxSwiftDemo.app; sourceTree = BUILT_PRODUCTS_DIR; };
		6E1689E426D6141C00B53858 /* AppDelegate.swift */ = {isa = PBXFileReference; lastKnownFileType = sourcecode.swift; path = AppDelegate.swift; sourceTree = "<group>"; };
		6E1689E626D6141C00B53858 /* SceneDelegate.swift */ = {isa = PBXFileReference; lastKnownFileType = sourcecode.swift; path = SceneDelegate.swift; sourceTree = "<group>"; };
		6E1689E826D6141C00B53858 /* ViewController.swift */ = {isa = PBXFileReference; lastKnownFileType = sourcecode.swift; path = ViewController.swift; sourceTree = "<group>"; };
		6E1689EB26D6141C00B53858 /* Base */ = {isa = PBXFileReference; lastKnownFileType = file.storyboard; name = Base; path = Base.lproj/Main.storyboard; sourceTree = "<group>"; };
		6E1689EE26D6141C00B53858 /* BBRxSwiftDemo.xcdatamodel */ = {isa = PBXFileReference; lastKnownFileType = wrapper.xcdatamodel; path = BBRxSwiftDemo.xcdatamodel; sourceTree = "<group>"; };
		6E1689F026D6141E00B53858 /* Assets.xcassets */ = {isa = PBXFileReference; lastKnownFileType = folder.assetcatalog; path = Assets.xcassets; sourceTree = "<group>"; };
		6E1689F326D6141E00B53858 /* Base */ = {isa = PBXFileReference; lastKnownFileType = file.storyboard; name = Base; path = Base.lproj/LaunchScreen.storyboard; sourceTree = "<group>"; };
		6E1689F526D6141E00B53858 /* Info.plist */ = {isa = PBXFileReference; lastKnownFileType = text.plist.xml; path = Info.plist; sourceTree = "<group>"; };
		6E1689FA26D6141E00B53858 /* BBRxSwiftDemoTests.xctest */ = {isa = PBXFileReference; explicitFileType = wrapper.cfbundle; includeInIndex = 0; path = BBRxSwiftDemoTests.xctest; sourceTree = BUILT_PRODUCTS_DIR; };
		6E1689FE26D6141E00B53858 /* BBRxSwiftDemoTests.swift */ = {isa = PBXFileReference; lastKnownFileType = sourcecode.swift; path = BBRxSwiftDemoTests.swift; sourceTree = "<group>"; };
		6E168A0026D6141E00B53858 /* Info.plist */ = {isa = PBXFileReference; lastKnownFileType = text.plist.xml; path = Info.plist; sourceTree = "<group>"; };
		6E168A0526D6141E00B53858 /* BBRxSwiftDemoUITests.xctest */ = {isa = PBXFileReference; explicitFileType = wrapper.cfbundle; includeInIndex = 0; path = BBRxSwiftDemoUITests.xctest; sourceTree = BUILT_PRODUCTS_DIR; };
		6E168A0926D6141E00B53858 /* BBRxSwiftDemoUITests.swift */ = {isa = PBXFileReference; lastKnownFileType = sourcecode.swift; path = BBRxSwiftDemoUITests.swift; sourceTree = "<group>"; };
		6E168A0B26D6141E00B53858 /* Info.plist */ = {isa = PBXFileReference; lastKnownFileType = text.plist.xml; path = Info.plist; sourceTree = "<group>"; };
/* End PBXFileReference section */

/* Begin PBXFrameworksBuildPhase section */
		6E1689DE26D6141C00B53858 /* Frameworks */ = {
			isa = PBXFrameworksBuildPhase;
			buildActionMask = 2147483647;
			files = (
			);
			runOnlyForDeploymentPostprocessing = 0;
		};
		6E1689F726D6141E00B53858 /* Frameworks */ = {
			isa = PBXFrameworksBuildPhase;
			buildActionMask = 2147483647;
			files = (
			);
			runOnlyForDeploymentPostprocessing = 0;
		};
		6E168A0226D6141E00B53858 /* Frameworks */ = {
			isa = PBXFrameworksBuildPhase;
			buildActionMask = 2147483647;
			files = (
			);
			runOnlyForDeploymentPostprocessing = 0;
		};
/* End PBXFrameworksBuildPhase section */

/* Begin PBXGroup section */
		6E1689D826D6141C00B53858 = {
			isa = PBXGroup;
			children = (
				6E1689E326D6141C00B53858 /* BBRxSwiftDemo */,
				6E1689FD26D6141E00B53858 /* BBRxSwiftDemoTests */,
				6E168A0826D6141E00B53858 /* BBRxSwiftDemoUITests */,
				6E1689E226D6141C00B53858 /* Products */,
			);
			sourceTree = "<group>";
		};
		6E1689E226D6141C00B53858 /* Products */ = {
			isa = PBXGroup;
			children = (
				6E1689E126D6141C00B53858 /* BBRxSwiftDemo.app */,
				6E1689FA26D6141E00B53858 /* BBRxSwiftDemoTests.xctest */,
				6E168A0526D6141E00B53858 /* BBRxSwiftDemoUITests.xctest */,
			);
			name = Products;
			sourceTree = "<group>";
		};
		6E1689E326D6141C00B53858 /* BBRxSwiftDemo */ = {
			isa = PBXGroup;
			children = (
				6E1689E426D6141C00B53858 /* AppDelegate.swift */,
				6E1689E626D6141C00B53858 /* SceneDelegate.swift */,
				6E1689E826D6141C00B53858 /* ViewController.swift */,
				6E1689EA26D6141C00B53858 /* Main.storyboard */,
				6E1689F026D6141E00B53858 /* Assets.xcassets */,
				6E1689F226D6141E00B53858 /* LaunchScreen.storyboard */,
				6E1689F526D6141E00B53858 /* Info.plist */,
				6E1689ED26D6141C00B53858 /* BBRxSwiftDemo.xcdatamodeld */,
			);
			path = BBRxSwiftDemo;
			sourceTree = "<group>";
		};
		6E1689FD26D6141E00B53858 /* BBRxSwiftDemoTests */ = {
			isa = PBXGroup;
			children = (
				6E1689FE26D6141E00B53858 /* BBRxSwiftDemoTests.swift */,
				6E168A0026D6141E00B53858 /* Info.plist */,
			);
			path = BBRxSwiftDemoTests;
			sourceTree = "<group>";
		};
		6E168A0826D6141E00B53858 /* BBRxSwiftDemoUITests */ = {
			isa = PBXGroup;
			children = (
				6E168A0926D6141E00B53858 /* BBRxSwiftDemoUITests.swift */,
				6E168A0B26D6141E00B53858 /* Info.plist */,
			);
			path = BBRxSwiftDemoUITests;
			sourceTree = "<group>";
		};
/* End PBXGroup section */

/* Begin PBXNativeTarget section */
		6E1689E026D6141C00B53858 /* BBRxSwiftDemo */ = {
			isa = PBXNativeTarget;
			buildConfigurationList = 6E168A0E26D6141E00B53858 /* Build configuration list for PBXNativeTarget "BBRxSwiftDemo" */;
			buildPhases = (
				6E1689DD26D6141C00B53858 /* Sources */,
				6E1689DE26D6141C00B53858 /* Frameworks */,
				6E1689DF26D6141C00B53858 /* Resources */,
			);
			buildRules = (
			);
			dependencies = (
			);
			name = BBRxSwiftDemo;
			productName = BBRxSwiftDemo;
			productReference = 6E1689E126D6141C00B53858 /* BBRxSwiftDemo.app */;
			productType = "com.apple.product-type.application";
		};
		6E1689F926D6141E00B53858 /* BBRxSwiftDemoTests */ = {
			isa = PBXNativeTarget;
			buildConfigurationList = 6E168A1126D6141E00B53858 /* Build configuration list for PBXNativeTarget "BBRxSwiftDemoTests" */;
			buildPhases = (
				6E1689F626D6141E00B53858 /* Sources */,
				6E1689F726D6141E00B53858 /* Frameworks */,
				6E1689F826D6141E00B53858 /* Resources */,
			);
			buildRules = (
			);
			dependencies = (
				6E1689FC26D6141E00B53858 /* PBXTargetDependency */,
			);
			name = BBRxSwiftDemoTests;
			productName = BBRxSwiftDemoTests;
			productReference = 6E1689FA26D6141E00B53858 /* BBRxSwiftDemoTests.xctest */;
			productType = "com.apple.product-type.bundle.unit-test";
		};
		6E168A0426D6141E00B53858 /* BBRxSwiftDemoUITests */ = {
			isa = PBXNativeTarget;
			buildConfigurationList = 6E168A1426D6141E00B53858 /* Build configuration list for PBXNativeTarget "BBRxSwiftDemoUITests" */;
			buildPhases = (
				6E168A0126D6141E00B53858 /* Sources */,
				6E168A0226D6141E00B53858 /* Frameworks */,
				6E168A0326D6141E00B53858 /* Resources */,
			);
			buildRules = (
			);
			dependencies = (
				6E168A0726D6141E00B53858 /* PBXTargetDependency */,
			);
			name = BBRxSwiftDemoUITests;
			productName = BBRxSwiftDemoUITests;
			productReference = 6E168A0526D6141E00B53858 /* BBRxSwiftDemoUITests.xctest */;
			productType = "com.apple.product-type.bundle.ui-testing";
		};
/* End PBXNativeTarget section */

/* Begin PBXProject section */
		6E1689D926D6141C00B53858 /* Project object */ = {
			isa = PBXProject;
			attributes = {
				LastSwiftUpdateCheck = 1250;
				LastUpgradeCheck = 1250;
				TargetAttributes = {
					6E1689E026D6141C00B53858 = {
						CreatedOnToolsVersion = 12.5.1;
					};
					6E1689F926D6141E00B53858 = {
						CreatedOnToolsVersion = 12.5.1;
						TestTargetID = 6E1689E026D6141C00B53858;
					};
					6E168A0426D6141E00B53858 = {
						CreatedOnToolsVersion = 12.5.1;
						TestTargetID = 6E1689E026D6141C00B53858;
					};
				};
			};
			buildConfigurationList = 6E1689DC26D6141C00B53858 /* Build configuration list for PBXProject "BBRxSwiftDemo" */;
			compatibilityVersion = "Xcode 9.3";
			developmentRegion = en;
			hasScannedForEncodings = 0;
			knownRegions = (
				en,
				Base,
			);
			mainGroup = 6E1689D826D6141C00B53858;
			productRefGroup = 6E1689E226D6141C00B53858 /* Products */;
			projectDirPath = "";
			projectRoot = "";
			targets = (
				6E1689E026D6141C00B53858 /* BBRxSwiftDemo */,
				6E1689F926D6141E00B53858 /* BBRxSwiftDemoTests */,
				6E168A0426D6141E00B53858 /* BBRxSwiftDemoUITests */,
			);
		};
/* End PBXProject section */

/* Begin PBXResourcesBuildPhase section */
		6E1689DF26D6141C00B53858 /* Resources */ = {
			isa = PBXResourcesBuildPhase;
			buildActionMask = 2147483647;
			files = (
				6E1689F426D6141E00B53858 /* LaunchScreen.storyboard in Resources */,
				6E1689F126D6141E00B53858 /* Assets.xcassets in Resources */,
				6E1689EC26D6141C00B53858 /* Main.storyboard in Resources */,
			);
			runOnlyForDeploymentPostprocessing = 0;
		};
		6E1689F826D6141E00B53858 /* Resources */ = {
			isa = PBXResourcesBuildPhase;
			buildActionMask = 2147483647;
			files = (
			);
			runOnlyForDeploymentPostprocessing = 0;
		};
		6E168A0326D6141E00B53858 /* Resources */ = {
			isa = PBXResourcesBuildPhase;
			buildActionMask = 2147483647;
			files = (
			);
			runOnlyForDeploymentPostprocessing = 0;
		};
/* End PBXResourcesBuildPhase section */

/* Begin PBXSourcesBuildPhase section */
		6E1689DD26D6141C00B53858 /* Sources */ = {
			isa = PBXSourcesBuildPhase;
			buildActionMask = 2147483647;
			files = (
				6E1689E926D6141C00B53858 /* ViewController.swift in Sources */,
				6E1689E526D6141C00B53858 /* AppDelegate.swift in Sources */,
				6E1689EF26D6141C00B53858 /* BBRxSwiftDemo.xcdatamodeld in Sources */,
				6E1689E726D6141C00B53858 /* SceneDelegate.swift in Sources */,
			);
			runOnlyForDeploymentPostprocessing = 0;
		};
		6E1689F626D6141E00B53858 /* Sources */ = {
			isa = PBXSourcesBuildPhase;
			buildActionMask = 2147483647;
			files = (
				6E1689FF26D6141E00B53858 /* BBRxSwiftDemoTests.swift in Sources */,
			);
			runOnlyForDeploymentPostprocessing = 0;
		};
		6E168A0126D6141E00B53858 /* Sources */ = {
			isa = PBXSourcesBuildPhase;
			buildActionMask = 2147483647;
			files = (
				6E168A0A26D6141E00B53858 /* BBRxSwiftDemoUITests.swift in Sources */,
			);
			runOnlyForDeploymentPostprocessing = 0;
		};
/* End PBXSourcesBuildPhase section */

/* Begin PBXTargetDependency section */
		6E1689FC26D6141E00B53858 /* PBXTargetDependency */ = {
			isa = PBXTargetDependency;
			target = 6E1689E026D6141C00B53858 /* BBRxSwiftDemo */;
			targetProxy = 6E1689FB26D6141E00B53858 /* PBXContainerItemProxy */;
		};
		6E168A0726D6141E00B53858 /* PBXTargetDependency */ = {
			isa = PBXTargetDependency;
			target = 6E1689E026D6141C00B53858 /* BBRxSwiftDemo */;
			targetProxy = 6E168A0626D6141E00B53858 /* PBXContainerItemProxy */;
		};
/* End PBXTargetDependency section */

/* Begin PBXVariantGroup section */
		6E1689EA26D6141C00B53858 /* Main.storyboard */ = {
			isa = PBXVariantGroup;
			children = (
				6E1689EB26D6141C00B53858 /* Base */,
			);
			name = Main.storyboard;
			sourceTree = "<group>";
		};
		6E1689F226D6141E00B53858 /* LaunchScreen.storyboard */ = {
			isa = PBXVariantGroup;
			children = (
				6E1689F326D6141E00B53858 /* Base */,
			);
			name = LaunchScreen.storyboard;
			sourceTree = "<group>";
		};
/* End PBXVariantGroup section */

/* Begin XCBuildConfiguration section */
		6E168A0C26D6141E00B53858 /* Debug */ = {
			isa = XCBuildConfiguration;
			buildSettings = {
				ALWAYS_SEARCH_USER_PATHS = NO;
				CLANG_ANALYZER_NONNULL = YES;
				CLANG_ANALYZER_NUMBER_OBJECT_CONVERSION = YES_AGGRESSIVE;
				CLANG_CXX_LANGUAGE_STANDARD = "gnu++14";
				CLANG_CXX_LIBRARY = "libc++";
				CLANG_ENABLE_MODULES = YES;
				CLANG_ENABLE_OBJC_ARC = YES;
				CLANG_ENABLE_OBJC_WEAK = YES;
				CLANG_WARN_BLOCK_CAPTURE_AUTORELEASING = YES;
				CLANG_WARN_BOOL_CONVERSION = YES;
				CLANG_WARN_COMMA = YES;
				CLANG_WARN_CONSTANT_CONVERSION = YES;
				CLANG_WARN_DEPRECATED_OBJC_IMPLEMENTATIONS = YES;
				CLANG_WARN_DIRECT_OBJC_ISA_USAGE = YES_ERROR;
				CLANG_WARN_DOCUMENTATION_COMMENTS = YES;
				CLANG_WARN_EMPTY_BODY = YES;
				CLANG_WARN_ENUM_CONVERSION = YES;
				CLANG_WARN_INFINITE_RECURSION = YES;
				CLANG_WARN_INT_CONVERSION = YES;
				CLANG_WARN_NON_LITERAL_NULL_CONVERSION = YES;
				CLANG_WARN_OBJC_IMPLICIT_RETAIN_SELF = YES;
				CLANG_WARN_OBJC_LITERAL_CONVERSION = YES;
				CLANG_WARN_OBJC_ROOT_CLASS = YES_ERROR;
				CLANG_WARN_QUOTED_INCLUDE_IN_FRAMEWORK_HEADER = YES;
				CLANG_WARN_RANGE_LOOP_ANALYSIS = YES;
				CLANG_WARN_STRICT_PROTOTYPES = YES;
				CLANG_WARN_SUSPICIOUS_MOVE = YES;
				CLANG_WARN_UNGUARDED_AVAILABILITY = YES_AGGRESSIVE;
				CLANG_WARN_UNREACHABLE_CODE = YES;
				CLANG_WARN__DUPLICATE_METHOD_MATCH = YES;
				COPY_PHASE_STRIP = NO;
				DEBUG_INFORMATION_FORMAT = dwarf;
				ENABLE_STRICT_OBJC_MSGSEND = YES;
				ENABLE_TESTABILITY = YES;
				GCC_C_LANGUAGE_STANDARD = gnu11;
				GCC_DYNAMIC_NO_PIC = NO;
				GCC_NO_COMMON_BLOCKS = YES;
				GCC_OPTIMIZATION_LEVEL = 0;
				GCC_PREPROCESSOR_DEFINITIONS = (
					"DEBUG=1",
					"$(inherited)",
				);
				GCC_WARN_64_TO_32_BIT_CONVERSION = YES;
				GCC_WARN_ABOUT_RETURN_TYPE = YES_ERROR;
				GCC_WARN_UNDECLARED_SELECTOR = YES;
				GCC_WARN_UNINITIALIZED_AUTOS = YES_AGGRESSIVE;
				GCC_WARN_UNUSED_FUNCTION = YES;
				GCC_WARN_UNUSED_VARIABLE = YES;
				IPHONEOS_DEPLOYMENT_TARGET = 14.5;
				MTL_ENABLE_DEBUG_INFO = INCLUDE_SOURCE;
				MTL_FAST_MATH = YES;
				ONLY_ACTIVE_ARCH = YES;
				SDKROOT = iphoneos;
				SWIFT_ACTIVE_COMPILATION_CONDITIONS = DEBUG;
				SWIFT_OPTIMIZATION_LEVEL = "-Onone";
			};
			name = Debug;
		};
		6E168A0D26D6141E00B53858 /* Release */ = {
			isa = XCBuildConfiguration;
			buildSettings = {
				ALWAYS_SEARCH_USER_PATHS = NO;
				CLANG_ANALYZER_NONNULL = YES;
				CLANG_ANALYZER_NUMBER_OBJECT_CONVERSION = YES_AGGRESSIVE;
				CLANG_CXX_LANGUAGE_STANDARD = "gnu++14";
				CLANG_CXX_LIBRARY = "libc++";
				CLANG_ENABLE_MODULES = YES;
				CLANG_ENABLE_OBJC_ARC = YES;
				CLANG_ENABLE_OBJC_WEAK = YES;
				CLANG_WARN_BLOCK_CAPTURE_AUTORELEASING = YES;
				CLANG_WARN_BOOL_CONVERSION = YES;
				CLANG_WARN_COMMA = YES;
				CLANG_WARN_CONSTANT_CONVERSION = YES;
				CLANG_WARN_DEPRECATED_OBJC_IMPLEMENTATIONS = YES;
				CLANG_WARN_DIRECT_OBJC_ISA_USAGE = YES_ERROR;
				CLANG_WARN_DOCUMENTATION_COMMENTS = YES;
				CLANG_WARN_EMPTY_BODY = YES;
				CLANG_WARN_ENUM_CONVERSION = YES;
				CLANG_WARN_INFINITE_RECURSION = YES;
				CLANG_WARN_INT_CONVERSION = YES;
				CLANG_WARN_NON_LITERAL_NULL_CONVERSION = YES;
				CLANG_WARN_OBJC_IMPLICIT_RETAIN_SELF = YES;
				CLANG_WARN_OBJC_LITERAL_CONVERSION = YES;
				CLANG_WARN_OBJC_ROOT_CLASS = YES_ERROR;
				CLANG_WARN_QUOTED_INCLUDE_IN_FRAMEWORK_HEADER = YES;
				CLANG_WARN_RANGE_LOOP_ANALYSIS = YES;
				CLANG_WARN_STRICT_PROTOTYPES = YES;
				CLANG_WARN_SUSPICIOUS_MOVE = YES;
				CLANG_WARN_UNGUARDED_AVAILABILITY = YES_AGGRESSIVE;
				CLANG_WARN_UNREACHABLE_CODE = YES;
				CLANG_WARN__DUPLICATE_METHOD_MATCH = YES;
				COPY_PHASE_STRIP = NO;
				DEBUG_INFORMATION_FORMAT = "dwarf-with-dsym";
				ENABLE_NS_ASSERTIONS = NO;
				ENABLE_STRICT_OBJC_MSGSEND = YES;
				GCC_C_LANGUAGE_STANDARD = gnu11;
				GCC_NO_COMMON_BLOCKS = YES;
				GCC_WARN_64_TO_32_BIT_CONVERSION = YES;
				GCC_WARN_ABOUT_RETURN_TYPE = YES_ERROR;
				GCC_WARN_UNDECLARED_SELECTOR = YES;
				GCC_WARN_UNINITIALIZED_AUTOS = YES_AGGRESSIVE;
				GCC_WARN_UNUSED_FUNCTION = YES;
				GCC_WARN_UNUSED_VARIABLE = YES;
				IPHONEOS_DEPLOYMENT_TARGET = 14.5;
				MTL_ENABLE_DEBUG_INFO = NO;
				MTL_FAST_MATH = YES;
				SDKROOT = iphoneos;
				SWIFT_COMPILATION_MODE = wholemodule;
				SWIFT_OPTIMIZATION_LEVEL = "-O";
				VALIDATE_PRODUCT = YES;
			};
			name = Release;
		};
		6E168A0F26D6141E00B53858 /* Debug */ = {
			isa = XCBuildConfiguration;
			buildSettings = {
				ASSETCATALOG_COMPILER_APPICON_NAME = AppIcon;
				ASSETCATALOG_COMPILER_GLOBAL_ACCENT_COLOR_NAME = AccentColor;
				CODE_SIGN_STYLE = Automatic;
				DEVELOPMENT_TEAM = S5TCHNZK6J;
				INFOPLIST_FILE = BBRxSwiftDemo/Info.plist;
				LD_RUNPATH_SEARCH_PATHS = (
					"$(inherited)",
					"@executable_path/Frameworks",
				);
				PRODUCT_BUNDLE_IDENTIFIER = cn.xcsp.BBRxSwiftDemo;
				PRODUCT_NAME = "$(TARGET_NAME)";
				SWIFT_VERSION = 5.0;
				TARGETED_DEVICE_FAMILY = "1,2";
			};
			name = Debug;
		};
		6E168A1026D6141E00B53858 /* Release */ = {
			isa = XCBuildConfiguration;
			buildSettings = {
				ASSETCATALOG_COMPILER_APPICON_NAME = AppIcon;
				ASSETCATALOG_COMPILER_GLOBAL_ACCENT_COLOR_NAME = AccentColor;
				CODE_SIGN_STYLE = Automatic;
				DEVELOPMENT_TEAM = S5TCHNZK6J;
				INFOPLIST_FILE = BBRxSwiftDemo/Info.plist;
				LD_RUNPATH_SEARCH_PATHS = (
					"$(inherited)",
					"@executable_path/Frameworks",
				);
				PRODUCT_BUNDLE_IDENTIFIER = cn.xcsp.BBRxSwiftDemo;
				PRODUCT_NAME = "$(TARGET_NAME)";
				SWIFT_VERSION = 5.0;
				TARGETED_DEVICE_FAMILY = "1,2";
			};
			name = Release;
		};
		6E168A1226D6141E00B53858 /* Debug */ = {
			isa = XCBuildConfiguration;
			buildSettings = {
				ALWAYS_EMBED_SWIFT_STANDARD_LIBRARIES = YES;
				BUNDLE_LOADER = "$(TEST_HOST)";
				CODE_SIGN_STYLE = Automatic;
				DEVELOPMENT_TEAM = S5TCHNZK6J;
				INFOPLIST_FILE = BBRxSwiftDemoTests/Info.plist;
				IPHONEOS_DEPLOYMENT_TARGET = 14.5;
				LD_RUNPATH_SEARCH_PATHS = (
					"$(inherited)",
					"@executable_path/Frameworks",
					"@loader_path/Frameworks",
				);
				PRODUCT_BUNDLE_IDENTIFIER = cn.xcsp.BBRxSwiftDemoTests;
				PRODUCT_NAME = "$(TARGET_NAME)";
				SWIFT_VERSION = 5.0;
				TARGETED_DEVICE_FAMILY = "1,2";
				TEST_HOST = "$(BUILT_PRODUCTS_DIR)/BBRxSwiftDemo.app/BBRxSwiftDemo";
			};
			name = Debug;
		};
		6E168A1326D6141E00B53858 /* Release */ = {
			isa = XCBuildConfiguration;
			buildSettings = {
				ALWAYS_EMBED_SWIFT_STANDARD_LIBRARIES = YES;
				BUNDLE_LOADER = "$(TEST_HOST)";
				CODE_SIGN_STYLE = Automatic;
				DEVELOPMENT_TEAM = S5TCHNZK6J;
				INFOPLIST_FILE = BBRxSwiftDemoTests/Info.plist;
				IPHONEOS_DEPLOYMENT_TARGET = 14.5;
				LD_RUNPATH_SEARCH_PATHS = (
					"$(inherited)",
					"@executable_path/Frameworks",
					"@loader_path/Frameworks",
				);
				PRODUCT_BUNDLE_IDENTIFIER = cn.xcsp.BBRxSwiftDemoTests;
				PRODUCT_NAME = "$(TARGET_NAME)";
				SWIFT_VERSION = 5.0;
				TARGETED_DEVICE_FAMILY = "1,2";
				TEST_HOST = "$(BUILT_PRODUCTS_DIR)/BBRxSwiftDemo.app/BBRxSwiftDemo";
			};
			name = Release;
		};
		6E168A1526D6141E00B53858 /* Debug */ = {
			isa = XCBuildConfiguration;
			buildSettings = {
				ALWAYS_EMBED_SWIFT_STANDARD_LIBRARIES = YES;
				CODE_SIGN_STYLE = Automatic;
				DEVELOPMENT_TEAM = S5TCHNZK6J;
				INFOPLIST_FILE = BBRxSwiftDemoUITests/Info.plist;
				LD_RUNPATH_SEARCH_PATHS = (
					"$(inherited)",
					"@executable_path/Frameworks",
					"@loader_path/Frameworks",
				);
				PRODUCT_BUNDLE_IDENTIFIER = cn.xcsp.BBRxSwiftDemoUITests;
				PRODUCT_NAME = "$(TARGET_NAME)";
				SWIFT_VERSION = 5.0;
				TARGETED_DEVICE_FAMILY = "1,2";
				TEST_TARGET_NAME = BBRxSwiftDemo;
			};
			name = Debug;
		};
		6E168A1626D6141E00B53858 /* Release */ = {
			isa = XCBuildConfiguration;
			buildSettings = {
				ALWAYS_EMBED_SWIFT_STANDARD_LIBRARIES = YES;
				CODE_SIGN_STYLE = Automatic;
				DEVELOPMENT_TEAM = S5TCHNZK6J;
				INFOPLIST_FILE = BBRxSwiftDemoUITests/Info.plist;
				LD_RUNPATH_SEARCH_PATHS = (
					"$(inherited)",
					"@executable_path/Frameworks",
					"@loader_path/Frameworks",
				);
				PRODUCT_BUNDLE_IDENTIFIER = cn.xcsp.BBRxSwiftDemoUITests;
				PRODUCT_NAME = "$(TARGET_NAME)";
				SWIFT_VERSION = 5.0;
				TARGETED_DEVICE_FAMILY = "1,2";
				TEST_TARGET_NAME = BBRxSwiftDemo;
			};
			name = Release;
		};
/* End XCBuildConfiguration section */

/* Begin XCConfigurationList section */
		6E1689DC26D6141C00B53858 /* Build configuration list for PBXProject "BBRxSwiftDemo" */ = {
			isa = XCConfigurationList;
			buildConfigurations = (
				6E168A0C26D6141E00B53858 /* Debug */,
				6E168A0D26D6141E00B53858 /* Release */,
			);
			defaultConfigurationIsVisible = 0;
			defaultConfigurationName = Release;
		};
		6E168A0E26D6141E00B53858 /* Build configuration list for PBXNativeTarget "BBRxSwiftDemo" */ = {
			isa = XCConfigurationList;
			buildConfigurations = (
				6E168A0F26D6141E00B53858 /* Debug */,
				6E168A1026D6141E00B53858 /* Release */,
			);
			defaultConfigurationIsVisible = 0;
			defaultConfigurationName = Release;
		};
		6E168A1126D6141E00B53858 /* Build configuration list for PBXNativeTarget "BBRxSwiftDemoTests" */ = {
			isa = XCConfigurationList;
			buildConfigurations = (
				6E168A1226D6141E00B53858 /* Debug */,
				6E168A1326D6141E00B53858 /* Release */,
			);
			defaultConfigurationIsVisible = 0;
			defaultConfigurationName = Release;
		};
		6E168A1426D6141E00B53858 /* Build configuration list for PBXNativeTarget "BBRxSwiftDemoUITests" */ = {
			isa = XCConfigurationList;
			buildConfigurations = (
				6E168A1526D6141E00B53858 /* Debug */,
				6E168A1626D6141E00B53858 /* Release */,
			);
			defaultConfigurationIsVisible = 0;
			defaultConfigurationName = Release;
		};
/* End XCConfigurationList section */

/* Begin XCVersionGroup section */
		6E1689ED26D6141C00B53858 /* BBRxSwiftDemo.xcdatamodeld */ = {
			isa = XCVersionGroup;
			children = (
				6E1689EE26D6141C00B53858 /* BBRxSwiftDemo.xcdatamodel */,
			);
			currentVersion = 6E1689EE26D6141C00B53858 /* BBRxSwiftDemo.xcdatamodel */;
			path = BBRxSwiftDemo.xcdatamodeld;
			sourceTree = "<group>";
			versionGroupType = wrapper.xcdatamodel;
		};
/* End XCVersionGroup section */
	};
	rootObject = 6E1689D926D6141C00B53858 /* Project object */;
}
